<?xml version="1.0" encoding="utf-8"?>
<Project ToolsVersion="4.0" xmlns="http://schemas.microsoft.com/developer/msbuild/2003">
  <ItemGroup>
    <ClCompile Include="Source\Application.cpp" />
    <ClCompile Include="Source\Camera.cpp" />
    <ClCompile Include="Source\Camera2.cpp" />
    <ClCompile Include="Source\Currency.cpp" />
    <ClCompile Include="Source\InitLightSettings.cpp" />
    <ClCompile Include="Source\InitShaderUniforms.cpp" />
    <ClCompile Include="Source\main.cpp" />
    <ClCompile Include="Source\Minimap.cpp" />
    <ClCompile Include="Source\NPC.cpp" />
    <ClCompile Include="Source\Object.cpp" />
    <ClCompile Include="Source\ObjectManager.cpp" />
    <ClCompile Include="Source\Quest.cpp" />
    <ClCompile Include="Source\Render\RenderMesh.cpp" />
    <ClCompile Include="Source\Render\RenderMinimap.cpp" />
    <ClCompile Include="Source\Render\RenderSkybox.cpp" />
    <ClCompile Include="Source\Render\RenderText.cpp" />
    <ClCompile Include="Source\SceneManager.cpp" />
    <ClCompile Include="Source\SceneMenu.cpp" />
    <ClCompile Include="Source\SceneText.cpp" />
    <ClCompile Include="Source\shader.cpp" />
    <ClCompile Include="Source\Sun.cpp" />
    <ClCompile Include="Source\TicTacToe.cpp" />
    <ClCompile Include="Source\TicTacToeMoves.cpp" />
    <ClCompile Include="Source\Utility.cpp" />
    <ClCompile Include="Source\Vending.cpp" />
    <ClCompile Include="Source\Helper\Window.cpp" />
    <ClCompile Include="Source\Helper\ButtonPos.cpp" />
    <ClCompile Include="Source\Helper\Cursor.cpp" />
    <ClCompile Include="Source\Inventory.cpp" />
    <ClCompile Include="Source\VendingUtility.cpp" />
    <ClCompile Include="Source\NPCUtility.cpp" />
    <ClCompile Include="Source\Item.cpp" />
    <ClCompile Include="Source\TicTacToeStates.cpp" />
    <ClCompile Include="Source\ItemManager.cpp" />
    <ClCompile Include="Source\Texture_Mapping\MeshList.cpp" />
    <ClCompile Include="Source\Texture_Mapping\LoadTGA.cpp" />
    <ClCompile Include="Source\Mesh_Generation\Mesh.cpp" />
    <ClCompile Include="Source\Mesh_Generation\MeshBuilder.cpp" />
    <ClCompile Include="Source\Mesh_Generation\LoadOBJ.cpp" />
    <ClCompile Include="Source\Render\RenderNPC.cpp" />
    <ClCompile Include="Source\Render\RenderSpotlight.cpp" />
    <ClCompile Include="Source\Render\RenderUI.cpp" />
    <ClCompile Include="Source\Render\RenderCar.cpp" />
    <ClCompile Include="Source\Render\RenderBuilding.cpp" />
    <ClCompile Include="Source\InventoryUtility.cpp" />
    <ClCompile Include="RenderPhone.cpp" />
  </ItemGroup>
  <ItemGroup>
    <ClInclude Include="Source\Application.h" />
    <ClInclude Include="Source\Camera.h" />
    <ClInclude Include="Source\Camera2.h" />
    <ClInclude Include="Source\Currency.h" />
    <ClInclude Include="Source\Light.h" />
    <ClInclude Include="Source\Material.h" />
    <ClInclude Include="Source\Minimap.h" />
    <ClInclude Include="Source\NPC.h" />
    <ClInclude Include="Source\Object.h" />
    <ClInclude Include="Source\ObjectManager.h" />
    <ClInclude Include="Source\Quest.h" />
    <ClInclude Include="Source\Scene.h" />
    <ClInclude Include="Source\SceneManager.h" />
    <ClInclude Include="Source\SceneMenu.h" />
    <ClInclude Include="Source\SceneText.h" />
    <ClInclude Include="Source\shader.hpp" />
    <ClInclude Include="Source\Sun.h" />
    <ClInclude Include="Source\TicTacToe.h" />
    <ClInclude Include="Source\UNIFORM_TYPE.h" />
    <ClInclude Include="Source\Utility.h" />
    <ClInclude Include="Source\Vending.h" />
    <ClInclude Include="Source\Vertex.h" />
    <ClInclude Include="Source\Helper\Window.h" />
    <ClInclude Include="Source\Helper\ButtonPos.h" />
    <ClInclude Include="Source\Helper\Cursor.h" />
    <ClInclude Include="Source\Global_Constants\TEXT_BUTTON.h" />
    <ClInclude Include="Source\Global_Constants\GAME_STATES.h" />
    <ClInclude Include="Source\Inventory.h" />
    <ClInclude Include="Source\Item.h" />
    <ClInclude Include="Source\ItemManager.h" />
    <ClInclude Include="Source\Texture_Mapping\LoadTGA.h" />
    <ClInclude Include="Source\Mesh_Generation\MeshBuilder.h" />
    <ClInclude Include="Source\Mesh_Generation\Mesh.h" />
    <ClInclude Include="Source\Mesh_Generation\LoadOBJ.h" />
  </ItemGroup>
</Project>